// !$*UTF8*$!
{
	archiveVersion = 1;
	classes = {
	};
	objectVersion = 48;
	objects = {

/* Begin PBXBuildFile section */
		22067560202486C800471675 /* AppDelegate.swift in Sources */ = {isa = PBXBuildFile; fileRef = 2206755F202486C800471675 /* AppDelegate.swift */; };
		22067562202486C800471675 /* art.scnassets in Resources */ = {isa = PBXBuildFile; fileRef = 22067561202486C800471675 /* art.scnassets */; };
		22067564202486C800471675 /* ViewController.swift in Sources */ = {isa = PBXBuildFile; fileRef = 22067563202486C800471675 /* ViewController.swift */; };
		22067567202486C800471675 /* Main.storyboard in Resources */ = {isa = PBXBuildFile; fileRef = 22067565202486C800471675 /* Main.storyboard */; };
		22067569202486C800471675 /* Assets.xcassets in Resources */ = {isa = PBXBuildFile; fileRef = 22067568202486C800471675 /* Assets.xcassets */; };
		2206756C202486C800471675 /* LaunchScreen.storyboard in Resources */ = {isa = PBXBuildFile; fileRef = 2206756A202486C800471675 /* LaunchScreen.storyboard */; };
		22067577202486C800471675 /* ARKit_ExamplesTests.swift in Sources */ = {isa = PBXBuildFile; fileRef = 22067576202486C800471675 /* ARKit_ExamplesTests.swift */; };
		22067582202486C800471675 /* ARKit_ExamplesUITests.swift in Sources */ = {isa = PBXBuildFile; fileRef = 22067581202486C800471675 /* ARKit_ExamplesUITests.swift */; };
		221CF6C420266F6F00BB238E /* PlaneDetectionVC.swift in Sources */ = {isa = PBXBuildFile; fileRef = 221CF6C320266F6F00BB238E /* PlaneDetectionVC.swift */; };
		221CF6C62026713800BB238E /* Plane.xcassets in Resources */ = {isa = PBXBuildFile; fileRef = 221CF6C52026713800BB238E /* Plane.xcassets */; };
		221CF6CA202730F500BB238E /* Banana.xcassets in Resources */ = {isa = PBXBuildFile; fileRef = 221CF6C9202730F500BB238E /* Banana.xcassets */; };
		221CF6CC20273C4900BB238E /* BasketBallVC.swift in Sources */ = {isa = PBXBuildFile; fileRef = 221CF6CB20273C4900BB238E /* BasketBallVC.swift */; };
		221CF6D120273EDE00BB238E /* basketball.scnassets in Resources */ = {isa = PBXBuildFile; fileRef = 221CF6D020273EDE00BB238E /* basketball.scnassets */; };
		223D28C82024F4D90050EBB0 /* SolarSystemVC.swift in Sources */ = {isa = PBXBuildFile; fileRef = 223D28C72024F4D90050EBB0 /* SolarSystemVC.swift */; };
		223D28CA2024F5380050EBB0 /* SolarSystem.xcassets in Resources */ = {isa = PBXBuildFile; fileRef = 223D28C92024F5380050EBB0 /* SolarSystem.xcassets */; };
		223D28CD202548060050EBB0 /* Utils.swift in Sources */ = {isa = PBXBuildFile; fileRef = 223D28CC202548060050EBB0 /* Utils.swift */; };
		22534D682024B3A1001F6C14 /* FirstExample.swift in Sources */ = {isa = PBXBuildFile; fileRef = 22534D672024B3A1001F6C14 /* FirstExample.swift */; };
		22534D6D2024C723001F6C14 /* TableViewController.swift in Sources */ = {isa = PBXBuildFile; fileRef = 22534D6C2024C723001F6C14 /* TableViewController.swift */; };
		22534D6F2024C736001F6C14 /* BaseARKitVC.swift in Sources */ = {isa = PBXBuildFile; fileRef = 22534D6E2024C736001F6C14 /* BaseARKitVC.swift */; };
		22534D712024D3F3001F6C14 /* Int+extensions.swift in Sources */ = {isa = PBXBuildFile; fileRef = 22534D702024D3F3001F6C14 /* Int+extensions.swift */; };
		22534D732024D4AA001F6C14 /* DrawingARKitVC.swift in Sources */ = {isa = PBXBuildFile; fileRef = 22534D722024D4AA001F6C14 /* DrawingARKitVC.swift */; };
/* End PBXBuildFile section */

/* Begin PBXContainerItemProxy section */
		22067573202486C800471675 /* PBXContainerItemProxy */ = {
			isa = PBXContainerItemProxy;
			containerPortal = 22067554202486C800471675 /* Project object */;
			proxyType = 1;
			remoteGlobalIDString = 2206755B202486C800471675;
			remoteInfo = "ARKit Examples";
		};
		2206757E202486C800471675 /* PBXContainerItemProxy */ = {
			isa = PBXContainerItemProxy;
			containerPortal = 22067554202486C800471675 /* Project object */;
			proxyType = 1;
			remoteGlobalIDString = 2206755B202486C800471675;
			remoteInfo = "ARKit Examples";
		};
/* End PBXContainerItemProxy section */

/* Begin PBXFileReference section */
		2206755C202486C800471675 /* ARKit Examples.app */ = {isa = PBXFileReference; explicitFileType = wrapper.application; includeInIndex = 0; path = "ARKit Examples.app"; sourceTree = BUILT_PRODUCTS_DIR; };
		2206755F202486C800471675 /* AppDelegate.swift */ = {isa = PBXFileReference; lastKnownFileType = sourcecode.swift; path = AppDelegate.swift; sourceTree = "<group>"; };
		22067561202486C800471675 /* art.scnassets */ = {isa = PBXFileReference; lastKnownFileType = wrapper.scnassets; path = art.scnassets; sourceTree = "<group>"; };
		22067563202486C800471675 /* ViewController.swift */ = {isa = PBXFileReference; lastKnownFileType = sourcecode.swift; path = ViewController.swift; sourceTree = "<group>"; };
		22067566202486C800471675 /* Base */ = {isa = PBXFileReference; lastKnownFileType = file.storyboard; name = Base; path = Base.lproj/Main.storyboard; sourceTree = "<group>"; };
		22067568202486C800471675 /* Assets.xcassets */ = {isa = PBXFileReference; lastKnownFileType = folder.assetcatalog; path = Assets.xcassets; sourceTree = "<group>"; };
		2206756B202486C800471675 /* Base */ = {isa = PBXFileReference; lastKnownFileType = file.storyboard; name = Base; path = Base.lproj/LaunchScreen.storyboard; sourceTree = "<group>"; };
		2206756D202486C800471675 /* Info.plist */ = {isa = PBXFileReference; lastKnownFileType = text.plist.xml; path = Info.plist; sourceTree = "<group>"; };
		22067572202486C800471675 /* ARKit ExamplesTests.xctest */ = {isa = PBXFileReference; explicitFileType = wrapper.cfbundle; includeInIndex = 0; path = "ARKit ExamplesTests.xctest"; sourceTree = BUILT_PRODUCTS_DIR; };
		22067576202486C800471675 /* ARKit_ExamplesTests.swift */ = {isa = PBXFileReference; lastKnownFileType = sourcecode.swift; path = ARKit_ExamplesTests.swift; sourceTree = "<group>"; };
		22067578202486C800471675 /* Info.plist */ = {isa = PBXFileReference; lastKnownFileType = text.plist.xml; path = Info.plist; sourceTree = "<group>"; };
		2206757D202486C800471675 /* ARKit ExamplesUITests.xctest */ = {isa = PBXFileReference; explicitFileType = wrapper.cfbundle; includeInIndex = 0; path = "ARKit ExamplesUITests.xctest"; sourceTree = BUILT_PRODUCTS_DIR; };
		22067581202486C800471675 /* ARKit_ExamplesUITests.swift */ = {isa = PBXFileReference; lastKnownFileType = sourcecode.swift; path = ARKit_ExamplesUITests.swift; sourceTree = "<group>"; };
		22067583202486C800471675 /* Info.plist */ = {isa = PBXFileReference; lastKnownFileType = text.plist.xml; path = Info.plist; sourceTree = "<group>"; };
		221CF6C320266F6F00BB238E /* PlaneDetectionVC.swift */ = {isa = PBXFileReference; lastKnownFileType = sourcecode.swift; path = PlaneDetectionVC.swift; sourceTree = "<group>"; };
		221CF6C52026713800BB238E /* Plane.xcassets */ = {isa = PBXFileReference; lastKnownFileType = folder.assetcatalog; path = Plane.xcassets; sourceTree = "<group>"; };
		221CF6C9202730F500BB238E /* Banana.xcassets */ = {isa = PBXFileReference; lastKnownFileType = folder.assetcatalog; path = Banana.xcassets; sourceTree = "<group>"; };
		221CF6CB20273C4900BB238E /* BasketBallVC.swift */ = {isa = PBXFileReference; lastKnownFileType = sourcecode.swift; path = BasketBallVC.swift; sourceTree = "<group>"; };
		221CF6D020273EDE00BB238E /* basketball.scnassets */ = {isa = PBXFileReference; lastKnownFileType = wrapper.scnassets; path = basketball.scnassets; sourceTree = "<group>"; };
		223D28C72024F4D90050EBB0 /* SolarSystemVC.swift */ = {isa = PBXFileReference; lastKnownFileType = sourcecode.swift; path = SolarSystemVC.swift; sourceTree = "<group>"; };
		223D28C92024F5380050EBB0 /* SolarSystem.xcassets */ = {isa = PBXFileReference; lastKnownFileType = folder.assetcatalog; path = SolarSystem.xcassets; sourceTree = "<group>"; };
		223D28CC202548060050EBB0 /* Utils.swift */ = {isa = PBXFileReference; lastKnownFileType = sourcecode.swift; path = Utils.swift; sourceTree = "<group>"; };
		22534D672024B3A1001F6C14 /* FirstExample.swift */ = {isa = PBXFileReference; lastKnownFileType = sourcecode.swift; path = FirstExample.swift; sourceTree = "<group>"; };
		22534D6C2024C723001F6C14 /* TableViewController.swift */ = {isa = PBXFileReference; lastKnownFileType = sourcecode.swift; path = TableViewController.swift; sourceTree = "<group>"; };
		22534D6E2024C736001F6C14 /* BaseARKitVC.swift */ = {isa = PBXFileReference; lastKnownFileType = sourcecode.swift; path = BaseARKitVC.swift; sourceTree = "<group>"; };
		22534D702024D3F3001F6C14 /* Int+extensions.swift */ = {isa = PBXFileReference; lastKnownFileType = sourcecode.swift; path = "Int+extensions.swift"; sourceTree = "<group>"; };
		22534D722024D4AA001F6C14 /* DrawingARKitVC.swift */ = {isa = PBXFileReference; lastKnownFileType = sourcecode.swift; path = DrawingARKitVC.swift; sourceTree = "<group>"; };
/* End PBXFileReference section */

/* Begin PBXFrameworksBuildPhase section */
		22067559202486C800471675 /* Frameworks */ = {
			isa = PBXFrameworksBuildPhase;
			buildActionMask = 2147483647;
			files = (
			);
			runOnlyForDeploymentPostprocessing = 0;
		};
		2206756F202486C800471675 /* Frameworks */ = {
			isa = PBXFrameworksBuildPhase;
			buildActionMask = 2147483647;
			files = (
			);
			runOnlyForDeploymentPostprocessing = 0;
		};
		2206757A202486C800471675 /* Frameworks */ = {
			isa = PBXFrameworksBuildPhase;
			buildActionMask = 2147483647;
			files = (
			);
			runOnlyForDeploymentPostprocessing = 0;
		};
/* End PBXFrameworksBuildPhase section */

/* Begin PBXGroup section */
		22067553202486C700471675 = {
			isa = PBXGroup;
			children = (
				2206755E202486C800471675 /* ARKit Examples */,
				22067575202486C800471675 /* ARKit ExamplesTests */,
				22067580202486C800471675 /* ARKit ExamplesUITests */,
				2206755D202486C800471675 /* Products */,
			);
			sourceTree = "<group>";
		};
		2206755D202486C800471675 /* Products */ = {
			isa = PBXGroup;
			children = (
				2206755C202486C800471675 /* ARKit Examples.app */,
				22067572202486C800471675 /* ARKit ExamplesTests.xctest */,
				2206757D202486C800471675 /* ARKit ExamplesUITests.xctest */,
			);
			name = Products;
			sourceTree = "<group>";
		};
		2206755E202486C800471675 /* ARKit Examples */ = {
			isa = PBXGroup;
			children = (
				2206755F202486C800471675 /* AppDelegate.swift */,
				22534D6C2024C723001F6C14 /* TableViewController.swift */,
				22067561202486C800471675 /* art.scnassets */,
				22067563202486C800471675 /* ViewController.swift */,
				223D28CB2024F9030050EBB0 /* Utilities */,
				22534D6B2024C718001F6C14 /* ARKit examples */,
				22067565202486C800471675 /* Main.storyboard */,
				22067568202486C800471675 /* Assets.xcassets */,
				223D28C92024F5380050EBB0 /* SolarSystem.xcassets */,
				221CF6C52026713800BB238E /* Plane.xcassets */,
				221CF6C9202730F500BB238E /* Banana.xcassets */,
				2206756A202486C800471675 /* LaunchScreen.storyboard */,
				2206756D202486C800471675 /* Info.plist */,
			);
			path = "ARKit Examples";
			sourceTree = "<group>";
		};
		22067575202486C800471675 /* ARKit ExamplesTests */ = {
			isa = PBXGroup;
			children = (
				22067576202486C800471675 /* ARKit_ExamplesTests.swift */,
				22067578202486C800471675 /* Info.plist */,
			);
			path = "ARKit ExamplesTests";
			sourceTree = "<group>";
		};
		22067580202486C800471675 /* ARKit ExamplesUITests */ = {
			isa = PBXGroup;
			children = (
				22067581202486C800471675 /* ARKit_ExamplesUITests.swift */,
				22067583202486C800471675 /* Info.plist */,
			);
			path = "ARKit ExamplesUITests";
			sourceTree = "<group>";
		};
		221CF6CD20273D2900BB238E /* Basketball VC */ = {
			isa = PBXGroup;
			children = (
				221CF6CB20273C4900BB238E /* BasketBallVC.swift */,
				221CF6D020273EDE00BB238E /* basketball.scnassets */,
			);
			path = "Basketball VC";
			sourceTree = "<group>";
		};
		223D28CB2024F9030050EBB0 /* Utilities */ = {
			isa = PBXGroup;
			children = (
				22534D702024D3F3001F6C14 /* Int+extensions.swift */,
				223D28CC202548060050EBB0 /* Utils.swift */,
			);
			path = Utilities;
			sourceTree = "<group>";
		};
		22534D6B2024C718001F6C14 /* ARKit examples */ = {
			isa = PBXGroup;
			children = (
				22534D6E2024C736001F6C14 /* BaseARKitVC.swift */,
				22534D722024D4AA001F6C14 /* DrawingARKitVC.swift */,
				223D28C72024F4D90050EBB0 /* SolarSystemVC.swift */,
				221CF6C320266F6F00BB238E /* PlaneDetectionVC.swift */,
				221CF6CD20273D2900BB238E /* Basketball VC */,
				22534D672024B3A1001F6C14 /* FirstExample.swift */,
			);
			path = "ARKit examples";
			sourceTree = "<group>";
		};
/* End PBXGroup section */

/* Begin PBXNativeTarget section */
		2206755B202486C800471675 /* ARKit Examples */ = {
			isa = PBXNativeTarget;
			buildConfigurationList = 22067586202486C800471675 /* Build configuration list for PBXNativeTarget "ARKit Examples" */;
			buildPhases = (
				22067558202486C800471675 /* Sources */,
				22067559202486C800471675 /* Frameworks */,
				2206755A202486C800471675 /* Resources */,
			);
			buildRules = (
			);
			dependencies = (
			);
			name = "ARKit Examples";
			productName = "ARKit Examples";
			productReference = 2206755C202486C800471675 /* ARKit Examples.app */;
			productType = "com.apple.product-type.application";
		};
		22067571202486C800471675 /* ARKit ExamplesTests */ = {
			isa = PBXNativeTarget;
			buildConfigurationList = 22067589202486C800471675 /* Build configuration list for PBXNativeTarget "ARKit ExamplesTests" */;
			buildPhases = (
				2206756E202486C800471675 /* Sources */,
				2206756F202486C800471675 /* Frameworks */,
				22067570202486C800471675 /* Resources */,
			);
			buildRules = (
			);
			dependencies = (
				22067574202486C800471675 /* PBXTargetDependency */,
			);
			name = "ARKit ExamplesTests";
			productName = "ARKit ExamplesTests";
			productReference = 22067572202486C800471675 /* ARKit ExamplesTests.xctest */;
			productType = "com.apple.product-type.bundle.unit-test";
		};
		2206757C202486C800471675 /* ARKit ExamplesUITests */ = {
			isa = PBXNativeTarget;
			buildConfigurationList = 2206758C202486C800471675 /* Build configuration list for PBXNativeTarget "ARKit ExamplesUITests" */;
			buildPhases = (
				22067579202486C800471675 /* Sources */,
				2206757A202486C800471675 /* Frameworks */,
				2206757B202486C800471675 /* Resources */,
			);
			buildRules = (
			);
			dependencies = (
				2206757F202486C800471675 /* PBXTargetDependency */,
			);
			name = "ARKit ExamplesUITests";
			productName = "ARKit ExamplesUITests";
			productReference = 2206757D202486C800471675 /* ARKit ExamplesUITests.xctest */;
			productType = "com.apple.product-type.bundle.ui-testing";
		};
/* End PBXNativeTarget section */

/* Begin PBXProject section */
		22067554202486C800471675 /* Project object */ = {
			isa = PBXProject;
			attributes = {
				LastSwiftUpdateCheck = 0920;
				LastUpgradeCheck = 0920;
				ORGANIZATIONNAME = "ReatailMeNot UK Ltd";
				TargetAttributes = {
					2206755B202486C800471675 = {
						CreatedOnToolsVersion = 9.2;
						ProvisioningStyle = Automatic;
					};
					22067571202486C800471675 = {
						CreatedOnToolsVersion = 9.2;
						ProvisioningStyle = Automatic;
						TestTargetID = 2206755B202486C800471675;
					};
					2206757C202486C800471675 = {
						CreatedOnToolsVersion = 9.2;
						ProvisioningStyle = Automatic;
						TestTargetID = 2206755B202486C800471675;
					};
				};
			};
			buildConfigurationList = 22067557202486C800471675 /* Build configuration list for PBXProject "ARKit Examples" */;
			compatibilityVersion = "Xcode 8.0";
			developmentRegion = en;
			hasScannedForEncodings = 0;
			knownRegions = (
				en,
				Base,
			);
			mainGroup = 22067553202486C700471675;
			productRefGroup = 2206755D202486C800471675 /* Products */;
			projectDirPath = "";
			projectRoot = "";
			targets = (
				2206755B202486C800471675 /* ARKit Examples */,
				22067571202486C800471675 /* ARKit ExamplesTests */,
				2206757C202486C800471675 /* ARKit ExamplesUITests */,
			);
		};
/* End PBXProject section */

/* Begin PBXResourcesBuildPhase section */
		2206755A202486C800471675 /* Resources */ = {
			isa = PBXResourcesBuildPhase;
			buildActionMask = 2147483647;
			files = (
				221CF6D120273EDE00BB238E /* basketball.scnassets in Resources */,
				221CF6CA202730F500BB238E /* Banana.xcassets in Resources */,
				221CF6C62026713800BB238E /* Plane.xcassets in Resources */,
				22067562202486C800471675 /* art.scnassets in Resources */,
				2206756C202486C800471675 /* LaunchScreen.storyboard in Resources */,
				22067569202486C800471675 /* Assets.xcassets in Resources */,
				223D28CA2024F5380050EBB0 /* SolarSystem.xcassets in Resources */,
				22067567202486C800471675 /* Main.storyboard in Resources */,
			);
			runOnlyForDeploymentPostprocessing = 0;
		};
		22067570202486C800471675 /* Resources */ = {
			isa = PBXResourcesBuildPhase;
			buildActionMask = 2147483647;
			files = (
			);
			runOnlyForDeploymentPostprocessing = 0;
		};
		2206757B202486C800471675 /* Resources */ = {
			isa = PBXResourcesBuildPhase;
			buildActionMask = 2147483647;
			files = (
			);
			runOnlyForDeploymentPostprocessing = 0;
		};
/* End PBXResourcesBuildPhase section */

/* Begin PBXSourcesBuildPhase section */
		22067558202486C800471675 /* Sources */ = {
			isa = PBXSourcesBuildPhase;
			buildActionMask = 2147483647;
			files = (
				22534D6F2024C736001F6C14 /* BaseARKitVC.swift in Sources */,
				22067564202486C800471675 /* ViewController.swift in Sources */,
				223D28CD202548060050EBB0 /* Utils.swift in Sources */,
				22534D732024D4AA001F6C14 /* DrawingARKitVC.swift in Sources */,
				22534D682024B3A1001F6C14 /* FirstExample.swift in Sources */,
				22534D712024D3F3001F6C14 /* Int+extensions.swift in Sources */,
				223D28C82024F4D90050EBB0 /* SolarSystemVC.swift in Sources */,
				22067560202486C800471675 /* AppDelegate.swift in Sources */,
				221CF6CC20273C4900BB238E /* BasketBallVC.swift in Sources */,
				22534D6D2024C723001F6C14 /* TableViewController.swift in Sources */,
				221CF6C420266F6F00BB238E /* PlaneDetectionVC.swift in Sources */,
			);
			runOnlyForDeploymentPostprocessing = 0;
		};
		2206756E202486C800471675 /* Sources */ = {
			isa = PBXSourcesBuildPhase;
			buildActionMask = 2147483647;
			files = (
				22067577202486C800471675 /* ARKit_ExamplesTests.swift in Sources */,
			);
			runOnlyForDeploymentPostprocessing = 0;
		};
		22067579202486C800471675 /* Sources */ = {
			isa = PBXSourcesBuildPhase;
			buildActionMask = 2147483647;
			files = (
				22067582202486C800471675 /* ARKit_ExamplesUITests.swift in Sources */,
			);
			runOnlyForDeploymentPostprocessing = 0;
		};
/* End PBXSourcesBuildPhase section */

/* Begin PBXTargetDependency section */
		22067574202486C800471675 /* PBXTargetDependency */ = {
			isa = PBXTargetDependency;
			target = 2206755B202486C800471675 /* ARKit Examples */;
			targetProxy = 22067573202486C800471675 /* PBXContainerItemProxy */;
		};
		2206757F202486C800471675 /* PBXTargetDependency */ = {
			isa = PBXTargetDependency;
			target = 2206755B202486C800471675 /* ARKit Examples */;
			targetProxy = 2206757E202486C800471675 /* PBXContainerItemProxy */;
		};
/* End PBXTargetDependency section */

/* Begin PBXVariantGroup section */
		22067565202486C800471675 /* Main.storyboard */ = {
			isa = PBXVariantGroup;
			children = (
				22067566202486C800471675 /* Base */,
			);
			name = Main.storyboard;
			sourceTree = "<group>";
		};
		2206756A202486C800471675 /* LaunchScreen.storyboard */ = {
			isa = PBXVariantGroup;
			children = (
				2206756B202486C800471675 /* Base */,
			);
			name = LaunchScreen.storyboard;
			sourceTree = "<group>";
		};
/* End PBXVariantGroup section */

/* Begin XCBuildConfiguration section */
		22067584202486C800471675 /* Debug */ = {
			isa = XCBuildConfiguration;
			buildSettings = {
				ALWAYS_SEARCH_USER_PATHS = NO;
				CLANG_ANALYZER_NONNULL = YES;
				CLANG_ANALYZER_NUMBER_OBJECT_CONVERSION = YES_AGGRESSIVE;
				CLANG_CXX_LANGUAGE_STANDARD = "gnu++14";
				CLANG_CXX_LIBRARY = "libc++";
				CLANG_ENABLE_MODULES = YES;
				CLANG_ENABLE_OBJC_ARC = YES;
				CLANG_WARN_BLOCK_CAPTURE_AUTORELEASING = YES;
				CLANG_WARN_BOOL_CONVERSION = YES;
				CLANG_WARN_COMMA = YES;
				CLANG_WARN_CONSTANT_CONVERSION = YES;
				CLANG_WARN_DIRECT_OBJC_ISA_USAGE = YES_ERROR;
				CLANG_WARN_DOCUMENTATION_COMMENTS = YES;
				CLANG_WARN_EMPTY_BODY = YES;
				CLANG_WARN_ENUM_CONVERSION = YES;
				CLANG_WARN_INFINITE_RECURSION = YES;
				CLANG_WARN_INT_CONVERSION = YES;
				CLANG_WARN_NON_LITERAL_NULL_CONVERSION = YES;
				CLANG_WARN_OBJC_LITERAL_CONVERSION = YES;
				CLANG_WARN_OBJC_ROOT_CLASS = YES_ERROR;
				CLANG_WARN_RANGE_LOOP_ANALYSIS = YES;
				CLANG_WARN_STRICT_PROTOTYPES = YES;
				CLANG_WARN_SUSPICIOUS_MOVE = YES;
				CLANG_WARN_UNGUARDED_AVAILABILITY = YES_AGGRESSIVE;
				CLANG_WARN_UNREACHABLE_CODE = YES;
				CLANG_WARN__DUPLICATE_METHOD_MATCH = YES;
				CODE_SIGN_IDENTITY = "iPhone Developer";
				COPY_PHASE_STRIP = NO;
				DEBUG_INFORMATION_FORMAT = dwarf;
				ENABLE_STRICT_OBJC_MSGSEND = YES;
				ENABLE_TESTABILITY = YES;
				GCC_C_LANGUAGE_STANDARD = gnu11;
				GCC_DYNAMIC_NO_PIC = NO;
				GCC_NO_COMMON_BLOCKS = YES;
				GCC_OPTIMIZATION_LEVEL = 0;
				GCC_PREPROCESSOR_DEFINITIONS = (
					"DEBUG=1",
					"$(inherited)",
				);
				GCC_WARN_64_TO_32_BIT_CONVERSION = YES;
				GCC_WARN_ABOUT_RETURN_TYPE = YES_ERROR;
				GCC_WARN_UNDECLARED_SELECTOR = YES;
				GCC_WARN_UNINITIALIZED_AUTOS = YES_AGGRESSIVE;
				GCC_WARN_UNUSED_FUNCTION = YES;
				GCC_WARN_UNUSED_VARIABLE = YES;
				IPHONEOS_DEPLOYMENT_TARGET = 11.2;
				MTL_ENABLE_DEBUG_INFO = YES;
				ONLY_ACTIVE_ARCH = YES;
				SDKROOT = iphoneos;
				SWIFT_ACTIVE_COMPILATION_CONDITIONS = DEBUG;
				SWIFT_OPTIMIZATION_LEVEL = "-Onone";
			};
			name = Debug;
		};
		22067585202486C800471675 /* Release */ = {
			isa = XCBuildConfiguration;
			buildSettings = {
				ALWAYS_SEARCH_USER_PATHS = NO;
				CLANG_ANALYZER_NONNULL = YES;
				CLANG_ANALYZER_NUMBER_OBJECT_CONVERSION = YES_AGGRESSIVE;
				CLANG_CXX_LANGUAGE_STANDARD = "gnu++14";
				CLANG_CXX_LIBRARY = "libc++";
				CLANG_ENABLE_MODULES = YES;
				CLANG_ENABLE_OBJC_ARC = YES;
				CLANG_WARN_BLOCK_CAPTURE_AUTORELEASING = YES;
				CLANG_WARN_BOOL_CONVERSION = YES;
				CLANG_WARN_COMMA = YES;
				CLANG_WARN_CONSTANT_CONVERSION = YES;
				CLANG_WARN_DIRECT_OBJC_ISA_USAGE = YES_ERROR;
				CLANG_WARN_DOCUMENTATION_COMMENTS = YES;
				CLANG_WARN_EMPTY_BODY = YES;
				CLANG_WARN_ENUM_CONVERSION = YES;
				CLANG_WARN_INFINITE_RECURSION = YES;
				CLANG_WARN_INT_CONVERSION = YES;
				CLANG_WARN_NON_LITERAL_NULL_CONVERSION = YES;
				CLANG_WARN_OBJC_LITERAL_CONVERSION = YES;
				CLANG_WARN_OBJC_ROOT_CLASS = YES_ERROR;
				CLANG_WARN_RANGE_LOOP_ANALYSIS = YES;
				CLANG_WARN_STRICT_PROTOTYPES = YES;
				CLANG_WARN_SUSPICIOUS_MOVE = YES;
				CLANG_WARN_UNGUARDED_AVAILABILITY = YES_AGGRESSIVE;
				CLANG_WARN_UNREACHABLE_CODE = YES;
				CLANG_WARN__DUPLICATE_METHOD_MATCH = YES;
				CODE_SIGN_IDENTITY = "iPhone Developer";
				COPY_PHASE_STRIP = NO;
				DEBUG_INFORMATION_FORMAT = "dwarf-with-dsym";
				ENABLE_NS_ASSERTIONS = NO;
				ENABLE_STRICT_OBJC_MSGSEND = YES;
				GCC_C_LANGUAGE_STANDARD = gnu11;
				GCC_NO_COMMON_BLOCKS = YES;
				GCC_WARN_64_TO_32_BIT_CONVERSION = YES;
				GCC_WARN_ABOUT_RETURN_TYPE = YES_ERROR;
				GCC_WARN_UNDECLARED_SELECTOR = YES;
				GCC_WARN_UNINITIALIZED_AUTOS = YES_AGGRESSIVE;
				GCC_WARN_UNUSED_FUNCTION = YES;
				GCC_WARN_UNUSED_VARIABLE = YES;
				IPHONEOS_DEPLOYMENT_TARGET = 11.2;
				MTL_ENABLE_DEBUG_INFO = NO;
				SDKROOT = iphoneos;
				SWIFT_OPTIMIZATION_LEVEL = "-Owholemodule";
				VALIDATE_PRODUCT = YES;
			};
			name = Release;
		};
		22067587202486C800471675 /* Debug */ = {
			isa = XCBuildConfiguration;
			buildSettings = {
				ASSETCATALOG_COMPILER_APPICON_NAME = AppIcon;
				CODE_SIGN_STYLE = Automatic;
				DEVELOPMENT_TEAM = 92WBPPS3HN;
				INFOPLIST_FILE = "ARKit Examples/Info.plist";
				LD_RUNPATH_SEARCH_PATHS = "$(inherited) @executable_path/Frameworks";
				PRODUCT_BUNDLE_IDENTIFIER = "com.matcom.ARKit-Examples";
				PRODUCT_NAME = "$(TARGET_NAME)";
				SWIFT_VERSION = 4.0;
				TARGETED_DEVICE_FAMILY = "1,2";
			};
			name = Debug;
		};
		22067588202486C800471675 /* Release */ = {
			isa = XCBuildConfiguration;
			buildSettings = {
				ASSETCATALOG_COMPILER_APPICON_NAME = AppIcon;
				CODE_SIGN_STYLE = Automatic;
				DEVELOPMENT_TEAM = 92WBPPS3HN;
				INFOPLIST_FILE = "ARKit Examples/Info.plist";
				LD_RUNPATH_SEARCH_PATHS = "$(inherited) @executable_path/Frameworks";
				PRODUCT_BUNDLE_IDENTIFIER = "com.matcom.ARKit-Examples";
				PRODUCT_NAME = "$(TARGET_NAME)";
				SWIFT_VERSION = 4.0;
				TARGETED_DEVICE_FAMILY = "1,2";
			};
			name = Release;
		};
		2206758A202486C800471675 /* Debug */ = {
			isa = XCBuildConfiguration;
			buildSettings = {
				ALWAYS_EMBED_SWIFT_STANDARD_LIBRARIES = YES;
				BUNDLE_LOADER = "$(TEST_HOST)";
				CODE_SIGN_STYLE = Automatic;
				DEVELOPMENT_TEAM = B82WJF6RBY;
				INFOPLIST_FILE = "ARKit ExamplesTests/Info.plist";
				LD_RUNPATH_SEARCH_PATHS = "$(inherited) @executable_path/Frameworks @loader_path/Frameworks";
				PRODUCT_BUNDLE_IDENTIFIER = "com.matcom.ARKit-ExamplesTests";
				PRODUCT_NAME = "$(TARGET_NAME)";
				SWIFT_VERSION = 4.0;
				TARGETED_DEVICE_FAMILY = "1,2";
				TEST_HOST = "$(BUILT_PRODUCTS_DIR)/ARKit Examples.app/ARKit Examples";
			};
			name = Debug;
		};
		2206758B202486C800471675 /* Release */ = {
			isa = XCBuildConfiguration;
			buildSettings = {
				ALWAYS_EMBED_SWIFT_STANDARD_LIBRARIES = YES;
				BUNDLE_LOADER = "$(TEST_HOST)";
				CODE_SIGN_STYLE = Automatic;
				DEVELOPMENT_TEAM = B82WJF6RBY;
				INFOPLIST_FILE = "ARKit ExamplesTests/Info.plist";
				LD_RUNPATH_SEARCH_PATHS = "$(inherited) @executable_path/Frameworks @loader_path/Frameworks";
				PRODUCT_BUNDLE_IDENTIFIER = "com.matcom.ARKit-ExamplesTests";
				PRODUCT_NAME = "$(TARGET_NAME)";
				SWIFT_VERSION = 4.0;
				TARGETED_DEVICE_FAMILY = "1,2";
				TEST_HOST = "$(BUILT_PRODUCTS_DIR)/ARKit Examples.app/ARKit Examples";
			};
			name = Release;
		};
		2206758D202486C800471675 /* Debug */ = {
			isa = XCBuildConfiguration;
			buildSettings = {
				ALWAYS_EMBED_SWIFT_STANDARD_LIBRARIES = YES;
				CODE_SIGN_STYLE = Automatic;
				DEVELOPMENT_TEAM = B82WJF6RBY;
				INFOPLIST_FILE = "ARKit ExamplesUITests/Info.plist";
				LD_RUNPATH_SEARCH_PATHS = "$(inherited) @executable_path/Frameworks @loader_path/Frameworks";
				PRODUCT_BUNDLE_IDENTIFIER = "com.matcom.ARKit-ExamplesUITests";
				PRODUCT_NAME = "$(TARGET_NAME)";
				SWIFT_VERSION = 4.0;
				TARGETED_DEVICE_FAMILY = "1,2";
				TEST_TARGET_NAME = "ARKit Examples";
			};
			name = Debug;
		};
		2206758E202486C800471675 /* Release */ = {
			isa = XCBuildConfiguration;
			buildSettings = {
				ALWAYS_EMBED_SWIFT_STANDARD_LIBRARIES = YES;
				CODE_SIGN_STYLE = Automatic;
				DEVELOPMENT_TEAM = B82WJF6RBY;
				INFOPLIST_FILE = "ARKit ExamplesUITests/Info.plist";
				LD_RUNPATH_SEARCH_PATHS = "$(inherited) @executable_path/Frameworks @loader_path/Frameworks";
				PRODUCT_BUNDLE_IDENTIFIER = "com.matcom.ARKit-ExamplesUITests";
				PRODUCT_NAME = "$(TARGET_NAME)";
				SWIFT_VERSION = 4.0;
				TARGETED_DEVICE_FAMILY = "1,2";
				TEST_TARGET_NAME = "ARKit Examples";
			};
			name = Release;
		};
/* End XCBuildConfiguration section */

/* Begin XCConfigurationList section */
		22067557202486C800471675 /* Build configuration list for PBXProject "ARKit Examples" */ = {
			isa = XCConfigurationList;
			buildConfigurations = (
				22067584202486C800471675 /* Debug */,
				22067585202486C800471675 /* Release */,
			);
			defaultConfigurationIsVisible = 0;
			defaultConfigurationName = Release;
		};
		22067586202486C800471675 /* Build configuration list for PBXNativeTarget "ARKit Examples" */ = {
			isa = XCConfigurationList;
			buildConfigurations = (
				22067587202486C800471675 /* Debug */,
				22067588202486C800471675 /* Release */,
			);
			defaultConfigurationIsVisible = 0;
			defaultConfigurationName = Release;
		};
		22067589202486C800471675 /* Build configuration list for PBXNativeTarget "ARKit ExamplesTests" */ = {
			isa = XCConfigurationList;
			buildConfigurations = (
				2206758A202486C800471675 /* Debug */,
				2206758B202486C800471675 /* Release */,
			);
			defaultConfigurationIsVisible = 0;
			defaultConfigurationName = Release;
		};
		2206758C202486C800471675 /* Build configuration list for PBXNativeTarget "ARKit ExamplesUITests" */ = {
			isa = XCConfigurationList;
			buildConfigurations = (
				2206758D202486C800471675 /* Debug */,
				2206758E202486C800471675 /* Release */,
			);
			defaultConfigurationIsVisible = 0;
			defaultConfigurationName = Release;
		};
/* End XCConfigurationList section */
	};
	rootObject = 22067554202486C800471675 /* Project object */;
}
